
Microsoft Visual Studio Solution File, Format Version 12.00
# Visual Studio Version 16
VisualStudioVersion = 16.0.29201.188
MinimumVisualStudioVersion = 10.0.40219.1
Project("{FAE04EC0-301F-11D3-BF4B-00C04F79EFBC}") = "MarketPlace.Entities", "MarketPlace.Entities\MarketPlace.Entities.csproj", "{4E78F632-B360-4AE7-9CBE-387F6361B391}"
EndProject
Global
	GlobalSection(SolutionConfigurationPlatforms) = preSolution
		Debug|Any CPU = Debug|Any CPU
		Release|Any CPU = Release|Any CPU
	EndGlobalSection
	GlobalSection(ProjectConfigurationPlatforms) = postSolution
		{4E78F632-B360-4AE7-9CBE-387F6361B391}.Debug|Any CPU.ActiveCfg = Debug|Any CPU
		{4E78F632-B360-4AE7-9CBE-387F6361B391}.Debug|Any CPU.Build.0 = Debug|Any CPU
		{4E78F632-B360-4AE7-9CBE-387F6361B391}.Release|Any CPU.ActiveCfg = Release|Any CPU
		{4E78F632-B360-4AE7-9CBE-387F6361B391}.Release|Any CPU.Build.0 = Release|Any CPU
	EndGlobalSection
	GlobalSection(SolutionProperties) = preSolution
		HideSolutionNode = FALSE
	EndGlobalSection
	GlobalSection(ExtensibilityGlobals) = postSolution
		SolutionGuid = {969EE670-115E-4E54-AE53-67AA5B42D326}
	EndGlobalSection
EndGlobal
